
Microsoft Visual Studio Solution File, Format Version 12.00
# Visual Studio Version 17
VisualStudioVersion = 17.0.31903.59
MinimumVisualStudioVersion = 10.0.40219.1
Project("{FAE04EC0-301F-11D3-BF4B-00C04F79EFBC}") = "TaskManager.API", "TaskManager.API\TaskManager.API.csproj", "{AED7656A-F14F-4666-AAAE-519463E51672}"
EndProject
Project("{FAE04EC0-301F-11D3-BF4B-00C04F79EFBC}") = "TaskManager.Application", "TaskManager.Application\TaskManager.Application.csproj", "{A99830B9-AD3A-40FC-A44D-6A1B644D5352}"
EndProject
Project("{FAE04EC0-301F-11D3-BF4B-00C04F79EFBC}") = "TaskManager.Domain", "TaskManager.Domain\TaskManager.Domain.csproj", "{D5C9B263-21A1-420E-89D7-FC1DDEF6ECE8}"
EndProject
Project("{FAE04EC0-301F-11D3-BF4B-00C04F79EFBC}") = "TaskManager.Persistence", "TaskManager.Persistence\TaskManager.Persistence.csproj", "{5135DCB9-A741-466D-8864-AAD25DDB897A}"
EndProject
Global
	GlobalSection(SolutionConfigurationPlatforms) = preSolution
		Debug|Any CPU = Debug|Any CPU
		Debug|x64 = Debug|x64
		Debug|x86 = Debug|x86
		Release|Any CPU = Release|Any CPU
		Release|x64 = Release|x64
		Release|x86 = Release|x86
	EndGlobalSection
	GlobalSection(ProjectConfigurationPlatforms) = postSolution
		{AED7656A-F14F-4666-AAAE-519463E51672}.Debug|Any CPU.ActiveCfg = Debug|Any CPU
		{AED7656A-F14F-4666-AAAE-519463E51672}.Debug|Any CPU.Build.0 = Debug|Any CPU
		{AED7656A-F14F-4666-AAAE-519463E51672}.Debug|x64.ActiveCfg = Debug|Any CPU
		{AED7656A-F14F-4666-AAAE-519463E51672}.Debug|x64.Build.0 = Debug|Any CPU
		{AED7656A-F14F-4666-AAAE-519463E51672}.Debug|x86.ActiveCfg = Debug|Any CPU
		{AED7656A-F14F-4666-AAAE-519463E51672}.Debug|x86.Build.0 = Debug|Any CPU
		{AED7656A-F14F-4666-AAAE-519463E51672}.Release|Any CPU.ActiveCfg = Release|Any CPU
		{AED7656A-F14F-4666-AAAE-519463E51672}.Release|Any CPU.Build.0 = Release|Any CPU
		{AED7656A-F14F-4666-AAAE-519463E51672}.Release|x64.ActiveCfg = Release|Any CPU
		{AED7656A-F14F-4666-AAAE-519463E51672}.Release|x64.Build.0 = Release|Any CPU
		{AED7656A-F14F-4666-AAAE-519463E51672}.Release|x86.ActiveCfg = Release|Any CPU
		{AED7656A-F14F-4666-AAAE-519463E51672}.Release|x86.Build.0 = Release|Any CPU
		{A99830B9-AD3A-40FC-A44D-6A1B644D5352}.Debug|Any CPU.ActiveCfg = Debug|Any CPU
		{A99830B9-AD3A-40FC-A44D-6A1B644D5352}.Debug|Any CPU.Build.0 = Debug|Any CPU
		{A99830B9-AD3A-40FC-A44D-6A1B644D5352}.Debug|x64.ActiveCfg = Debug|Any CPU
		{A99830B9-AD3A-40FC-A44D-6A1B644D5352}.Debug|x64.Build.0 = Debug|Any CPU
		{A99830B9-AD3A-40FC-A44D-6A1B644D5352}.Debug|x86.ActiveCfg = Debug|Any CPU
		{A99830B9-AD3A-40FC-A44D-6A1B644D5352}.Debug|x86.Build.0 = Debug|Any CPU
		{A99830B9-AD3A-40FC-A44D-6A1B644D5352}.Release|Any CPU.ActiveCfg = Release|Any CPU
		{A99830B9-AD3A-40FC-A44D-6A1B644D5352}.Release|Any CPU.Build.0 = Release|Any CPU
		{A99830B9-AD3A-40FC-A44D-6A1B644D5352}.Release|x64.ActiveCfg = Release|Any CPU
		{A99830B9-AD3A-40FC-A44D-6A1B644D5352}.Release|x64.Build.0 = Release|Any CPU
		{A99830B9-AD3A-40FC-A44D-6A1B644D5352}.Release|x86.ActiveCfg = Release|Any CPU
		{A99830B9-AD3A-40FC-A44D-6A1B644D5352}.Release|x86.Build.0 = Release|Any CPU
		{D5C9B263-21A1-420E-89D7-FC1DDEF6ECE8}.Debug|Any CPU.ActiveCfg = Debug|Any CPU
		{D5C9B263-21A1-420E-89D7-FC1DDEF6ECE8}.Debug|Any CPU.Build.0 = Debug|Any CPU
		{D5C9B263-21A1-420E-89D7-FC1DDEF6ECE8}.Debug|x64.ActiveCfg = Debug|Any CPU
		{D5C9B263-21A1-420E-89D7-FC1DDEF6ECE8}.Debug|x64.Build.0 = Debug|Any CPU
		{D5C9B263-21A1-420E-89D7-FC1DDEF6ECE8}.Debug|x86.ActiveCfg = Debug|Any CPU
		{D5C9B263-21A1-420E-89D7-FC1DDEF6ECE8}.Debug|x86.Build.0 = Debug|Any CPU
		{D5C9B263-21A1-420E-89D7-FC1DDEF6ECE8}.Release|Any CPU.ActiveCfg = Release|Any CPU
		{D5C9B263-21A1-420E-89D7-FC1DDEF6ECE8}.Release|Any CPU.Build.0 = Release|Any CPU
		{D5C9B263-21A1-420E-89D7-FC1DDEF6ECE8}.Release|x64.ActiveCfg = Release|Any CPU
		{D5C9B263-21A1-420E-89D7-FC1DDEF6ECE8}.Release|x64.Build.0 = Release|Any CPU
		{D5C9B263-21A1-420E-89D7-FC1DDEF6ECE8}.Release|x86.ActiveCfg = Release|Any CPU
		{D5C9B263-21A1-420E-89D7-FC1DDEF6ECE8}.Release|x86.Build.0 = Release|Any CPU
		{5135DCB9-A741-466D-8864-AAD25DDB897A}.Debug|Any CPU.ActiveCfg = Debug|Any CPU
		{5135DCB9-A741-466D-8864-AAD25DDB897A}.Debug|Any CPU.Build.0 = Debug|Any CPU
		{5135DCB9-A741-466D-8864-AAD25DDB897A}.Debug|x64.ActiveCfg = Debug|Any CPU
		{5135DCB9-A741-466D-8864-AAD25DDB897A}.Debug|x64.Build.0 = Debug|Any CPU
		{5135DCB9-A741-466D-8864-AAD25DDB897A}.Debug|x86.ActiveCfg = Debug|Any CPU
		{5135DCB9-A741-466D-8864-AAD25DDB897A}.Debug|x86.Build.0 = Debug|Any CPU
		{5135DCB9-A741-466D-8864-AAD25DDB897A}.Release|Any CPU.ActiveCfg = Release|Any CPU
		{5135DCB9-A741-466D-8864-AAD25DDB897A}.Release|Any CPU.Build.0 = Release|Any CPU
		{5135DCB9-A741-466D-8864-AAD25DDB897A}.Release|x64.ActiveCfg = Release|Any CPU
		{5135DCB9-A741-466D-8864-AAD25DDB897A}.Release|x64.Build.0 = Release|Any CPU
		{5135DCB9-A741-466D-8864-AAD25DDB897A}.Release|x86.ActiveCfg = Release|Any CPU
		{5135DCB9-A741-466D-8864-AAD25DDB897A}.Release|x86.Build.0 = Release|Any CPU
	EndGlobalSection
	GlobalSection(SolutionProperties) = preSolution
		HideSolutionNode = FALSE
	EndGlobalSection
EndGlobal
